// !$*UTF8*$!
{
	archiveVersion = 1;
	classes = {
	};
	objectVersion = 50;
	objects = {

/* Begin PBXBuildFile section */
		EE513DB02106A0F700A26667 /* AppDelegate.swift in Sources */ = {isa = PBXBuildFile; fileRef = EE513DAF2106A0F700A26667 /* AppDelegate.swift */; };
		EE513DB22106A0F700A26667 /* ViewController.swift in Sources */ = {isa = PBXBuildFile; fileRef = EE513DB12106A0F700A26667 /* ViewController.swift */; };
		EE513DB52106A0F700A26667 /* Main.storyboard in Resources */ = {isa = PBXBuildFile; fileRef = EE513DB32106A0F700A26667 /* Main.storyboard */; };
		EE513DB82106A0F700A26667 /* RxLabPrj.xcdatamodeld in Sources */ = {isa = PBXBuildFile; fileRef = EE513DB62106A0F700A26667 /* RxLabPrj.xcdatamodeld */; };
		EE513DBA2106A0F800A26667 /* Assets.xcassets in Resources */ = {isa = PBXBuildFile; fileRef = EE513DB92106A0F800A26667 /* Assets.xcassets */; };
		EE513DBD2106A0F800A26667 /* LaunchScreen.storyboard in Resources */ = {isa = PBXBuildFile; fileRef = EE513DBB2106A0F800A26667 /* LaunchScreen.storyboard */; };
/* End PBXBuildFile section */

/* Begin PBXFileReference section */
		EE513DAC2106A0F700A26667 /* RxLabPrj.app */ = {isa = PBXFileReference; explicitFileType = wrapper.application; includeInIndex = 0; path = RxLabPrj.app; sourceTree = BUILT_PRODUCTS_DIR; };
		EE513DAF2106A0F700A26667 /* AppDelegate.swift */ = {isa = PBXFileReference; lastKnownFileType = sourcecode.swift; path = AppDelegate.swift; sourceTree = "<group>"; };
		EE513DB12106A0F700A26667 /* ViewController.swift */ = {isa = PBXFileReference; lastKnownFileType = sourcecode.swift; path = ViewController.swift; sourceTree = "<group>"; };
		EE513DB42106A0F700A26667 /* Base */ = {isa = PBXFileReference; lastKnownFileType = file.storyboard; name = Base; path = Base.lproj/Main.storyboard; sourceTree = "<group>"; };
		EE513DB72106A0F700A26667 /* RxLabPrj.xcdatamodel */ = {isa = PBXFileReference; lastKnownFileType = wrapper.xcdatamodel; path = RxLabPrj.xcdatamodel; sourceTree = "<group>"; };
		EE513DB92106A0F800A26667 /* Assets.xcassets */ = {isa = PBXFileReference; lastKnownFileType = folder.assetcatalog; path = Assets.xcassets; sourceTree = "<group>"; };
		EE513DBC2106A0F800A26667 /* Base */ = {isa = PBXFileReference; lastKnownFileType = file.storyboard; name = Base; path = Base.lproj/LaunchScreen.storyboard; sourceTree = "<group>"; };
		EE513DBE2106A0F800A26667 /* Info.plist */ = {isa = PBXFileReference; lastKnownFileType = text.plist.xml; path = Info.plist; sourceTree = "<group>"; };
/* End PBXFileReference section */

/* Begin PBXFrameworksBuildPhase section */
		EE513DA92106A0F700A26667 /* Frameworks */ = {
			isa = PBXFrameworksBuildPhase;
			buildActionMask = 2147483647;
			files = (
			);
			runOnlyForDeploymentPostprocessing = 0;
		};
/* End PBXFrameworksBuildPhase section */

/* Begin PBXGroup section */
		EE513DA32106A0F700A26667 = {
			isa = PBXGroup;
			children = (
				EE513DAE2106A0F700A26667 /* RxLabPrj */,
				EE513DAD2106A0F700A26667 /* Products */,
			);
			sourceTree = "<group>";
		};
		EE513DAD2106A0F700A26667 /* Products */ = {
			isa = PBXGroup;
			children = (
				EE513DAC2106A0F700A26667 /* RxLabPrj.app */,
			);
			name = Products;
			sourceTree = "<group>";
		};
		EE513DAE2106A0F700A26667 /* RxLabPrj */ = {
			isa = PBXGroup;
			children = (
				EE513DAF2106A0F700A26667 /* AppDelegate.swift */,
				EE513DB12106A0F700A26667 /* ViewController.swift */,
				EE513DB32106A0F700A26667 /* Main.storyboard */,
				EE513DB92106A0F800A26667 /* Assets.xcassets */,
				EE513DBB2106A0F800A26667 /* LaunchScreen.storyboard */,
				EE513DBE2106A0F800A26667 /* Info.plist */,
				EE513DB62106A0F700A26667 /* RxLabPrj.xcdatamodeld */,
			);
			path = RxLabPrj;
			sourceTree = "<group>";
		};
/* End PBXGroup section */

/* Begin PBXNativeTarget section */
		EE513DAB2106A0F700A26667 /* RxLabPrj */ = {
			isa = PBXNativeTarget;
			buildConfigurationList = EE513DC12106A0F800A26667 /* Build configuration list for PBXNativeTarget "RxLabPrj" */;
			buildPhases = (
				EE513DA82106A0F700A26667 /* Sources */,
				EE513DA92106A0F700A26667 /* Frameworks */,
				EE513DAA2106A0F700A26667 /* Resources */,
			);
			buildRules = (
			);
			dependencies = (
			);
			name = RxLabPrj;
			productName = RxLabPrj;
			productReference = EE513DAC2106A0F700A26667 /* RxLabPrj.app */;
			productType = "com.apple.product-type.application";
		};
/* End PBXNativeTarget section */

/* Begin PBXProject section */
		EE513DA42106A0F700A26667 /* Project object */ = {
			isa = PBXProject;
			attributes = {
				LastSwiftUpdateCheck = 0940;
				LastUpgradeCheck = 0940;
				ORGANIZATIONNAME = "Fernando Funaki";
				TargetAttributes = {
					EE513DAB2106A0F700A26667 = {
						CreatedOnToolsVersion = 9.4.1;
					};
				};
			};
			buildConfigurationList = EE513DA72106A0F700A26667 /* Build configuration list for PBXProject "RxLabPrj" */;
			compatibilityVersion = "Xcode 9.3";
			developmentRegion = en;
			hasScannedForEncodings = 0;
			knownRegions = (
				en,
				Base,
			);
			mainGroup = EE513DA32106A0F700A26667;
			productRefGroup = EE513DAD2106A0F700A26667 /* Products */;
			projectDirPath = "";
			projectRoot = "";
			targets = (
				EE513DAB2106A0F700A26667 /* RxLabPrj */,
			);
		};
/* End PBXProject section */

/* Begin PBXResourcesBuildPhase section */
		EE513DAA2106A0F700A26667 /* Resources */ = {
			isa = PBXResourcesBuildPhase;
			buildActionMask = 2147483647;
			files = (
				EE513DBD2106A0F800A26667 /* LaunchScreen.storyboard in Resources */,
				EE513DBA2106A0F800A26667 /* Assets.xcassets in Resources */,
				EE513DB52106A0F700A26667 /* Main.storyboard in Resources */,
			);
			runOnlyForDeploymentPostprocessing = 0;
		};
/* End PBXResourcesBuildPhase section */

/* Begin PBXSourcesBuildPhase section */
		EE513DA82106A0F700A26667 /* Sources */ = {
			isa = PBXSourcesBuildPhase;
			buildActionMask = 2147483647;
			files = (
				EE513DB22106A0F700A26667 /* ViewController.swift in Sources */,
				EE513DB02106A0F700A26667 /* AppDelegate.swift in Sources */,
				EE513DB82106A0F700A26667 /* RxLabPrj.xcdatamodeld in Sources */,
			);
			runOnlyForDeploymentPostprocessing = 0;
		};
/* End PBXSourcesBuildPhase section */

/* Begin PBXVariantGroup section */
		EE513DB32106A0F700A26667 /* Main.storyboard */ = {
			isa = PBXVariantGroup;
			children = (
				EE513DB42106A0F700A26667 /* Base */,
			);
			name = Main.storyboard;
			sourceTree = "<group>";
		};
		EE513DBB2106A0F800A26667 /* LaunchScreen.storyboard */ = {
			isa = PBXVariantGroup;
			children = (
				EE513DBC2106A0F800A26667 /* Base */,
			);
			name = LaunchScreen.storyboard;
			sourceTree = "<group>";
		};
/* End PBXVariantGroup section */

/* Begin XCBuildConfiguration section */
		EE513DBF2106A0F800A26667 /* Debug */ = {
			isa = XCBuildConfiguration;
			buildSettings = {
				ALWAYS_SEARCH_USER_PATHS = NO;
				CLANG_ANALYZER_NONNULL = YES;
				CLANG_ANALYZER_NUMBER_OBJECT_CONVERSION = YES_AGGRESSIVE;
				CLANG_CXX_LANGUAGE_STANDARD = "gnu++14";
				CLANG_CXX_LIBRARY = "libc++";
				CLANG_ENABLE_MODULES = YES;
				CLANG_ENABLE_OBJC_ARC = YES;
				CLANG_ENABLE_OBJC_WEAK = YES;
				CLANG_WARN_BLOCK_CAPTURE_AUTORELEASING = YES;
				CLANG_WARN_BOOL_CONVERSION = YES;
				CLANG_WARN_COMMA = YES;
				CLANG_WARN_CONSTANT_CONVERSION = YES;
				CLANG_WARN_DEPRECATED_OBJC_IMPLEMENTATIONS = YES;
				CLANG_WARN_DIRECT_OBJC_ISA_USAGE = YES_ERROR;
				CLANG_WARN_DOCUMENTATION_COMMENTS = YES;
				CLANG_WARN_EMPTY_BODY = YES;
				CLANG_WARN_ENUM_CONVERSION = YES;
				CLANG_WARN_INFINITE_RECURSION = YES;
				CLANG_WARN_INT_CONVERSION = YES;
				CLANG_WARN_NON_LITERAL_NULL_CONVERSION = YES;
				CLANG_WARN_OBJC_IMPLICIT_RETAIN_SELF = YES;
				CLANG_WARN_OBJC_LITERAL_CONVERSION = YES;
				CLANG_WARN_OBJC_ROOT_CLASS = YES_ERROR;
				CLANG_WARN_RANGE_LOOP_ANALYSIS = YES;
				CLANG_WARN_STRICT_PROTOTYPES = YES;
				CLANG_WARN_SUSPICIOUS_MOVE = YES;
				CLANG_WARN_UNGUARDED_AVAILABILITY = YES_AGGRESSIVE;
				CLANG_WARN_UNREACHABLE_CODE = YES;
				CLANG_WARN__DUPLICATE_METHOD_MATCH = YES;
				CODE_SIGN_IDENTITY = "iPhone Developer";
				COPY_PHASE_STRIP = NO;
				DEBUG_INFORMATION_FORMAT = dwarf;
				ENABLE_STRICT_OBJC_MSGSEND = YES;
				ENABLE_TESTABILITY = YES;
				GCC_C_LANGUAGE_STANDARD = gnu11;
				GCC_DYNAMIC_NO_PIC = NO;
				GCC_NO_COMMON_BLOCKS = YES;
				GCC_OPTIMIZATION_LEVEL = 0;
				GCC_PREPROCESSOR_DEFINITIONS = (
					"DEBUG=1",
					"$(inherited)",
				);
				GCC_WARN_64_TO_32_BIT_CONVERSION = YES;
				GCC_WARN_ABOUT_RETURN_TYPE = YES_ERROR;
				GCC_WARN_UNDECLARED_SELECTOR = YES;
				GCC_WARN_UNINITIALIZED_AUTOS = YES_AGGRESSIVE;
				GCC_WARN_UNUSED_FUNCTION = YES;
				GCC_WARN_UNUSED_VARIABLE = YES;
				IPHONEOS_DEPLOYMENT_TARGET = 11.4;
				MTL_ENABLE_DEBUG_INFO = YES;
				ONLY_ACTIVE_ARCH = YES;
				SDKROOT = iphoneos;
				SWIFT_ACTIVE_COMPILATION_CONDITIONS = DEBUG;
				SWIFT_OPTIMIZATION_LEVEL = "-Onone";
			};
			name = Debug;
		};
		EE513DC02106A0F800A26667 /* Release */ = {
			isa = XCBuildConfiguration;
			buildSettings = {
				ALWAYS_SEARCH_USER_PATHS = NO;
				CLANG_ANALYZER_NONNULL = YES;
				CLANG_ANALYZER_NUMBER_OBJECT_CONVERSION = YES_AGGRESSIVE;
				CLANG_CXX_LANGUAGE_STANDARD = "gnu++14";
				CLANG_CXX_LIBRARY = "libc++";
				CLANG_ENABLE_MODULES = YES;
				CLANG_ENABLE_OBJC_ARC = YES;
				CLANG_ENABLE_OBJC_WEAK = YES;
				CLANG_WARN_BLOCK_CAPTURE_AUTORELEASING = YES;
				CLANG_WARN_BOOL_CONVERSION = YES;
				CLANG_WARN_COMMA = YES;
				CLANG_WARN_CONSTANT_CONVERSION = YES;
				CLANG_WARN_DEPRECATED_OBJC_IMPLEMENTATIONS = YES;
				CLANG_WARN_DIRECT_OBJC_ISA_USAGE = YES_ERROR;
				CLANG_WARN_DOCUMENTATION_COMMENTS = YES;
				CLANG_WARN_EMPTY_BODY = YES;
				CLANG_WARN_ENUM_CONVERSION = YES;
				CLANG_WARN_INFINITE_RECURSION = YES;
				CLANG_WARN_INT_CONVERSION = YES;
				CLANG_WARN_NON_LITERAL_NULL_CONVERSION = YES;
				CLANG_WARN_OBJC_IMPLICIT_RETAIN_SELF = YES;
				CLANG_WARN_OBJC_LITERAL_CONVERSION = YES;
				CLANG_WARN_OBJC_ROOT_CLASS = YES_ERROR;
				CLANG_WARN_RANGE_LOOP_ANALYSIS = YES;
				CLANG_WARN_STRICT_PROTOTYPES = YES;
				CLANG_WARN_SUSPICIOUS_MOVE = YES;
				CLANG_WARN_UNGUARDED_AVAILABILITY = YES_AGGRESSIVE;
				CLANG_WARN_UNREACHABLE_CODE = YES;
				CLANG_WARN__DUPLICATE_METHOD_MATCH = YES;
				CODE_SIGN_IDENTITY = "iPhone Developer";
				COPY_PHASE_STRIP = NO;
				DEBUG_INFORMATION_FORMAT = "dwarf-with-dsym";
				ENABLE_NS_ASSERTIONS = NO;
				ENABLE_STRICT_OBJC_MSGSEND = YES;
				GCC_C_LANGUAGE_STANDARD = gnu11;
				GCC_NO_COMMON_BLOCKS = YES;
				GCC_WARN_64_TO_32_BIT_CONVERSION = YES;
				GCC_WARN_ABOUT_RETURN_TYPE = YES_ERROR;
				GCC_WARN_UNDECLARED_SELECTOR = YES;
				GCC_WARN_UNINITIALIZED_AUTOS = YES_AGGRESSIVE;
				GCC_WARN_UNUSED_FUNCTION = YES;
				GCC_WARN_UNUSED_VARIABLE = YES;
				IPHONEOS_DEPLOYMENT_TARGET = 11.4;
				MTL_ENABLE_DEBUG_INFO = NO;
				SDKROOT = iphoneos;
				SWIFT_COMPILATION_MODE = wholemodule;
				SWIFT_OPTIMIZATION_LEVEL = "-O";
				VALIDATE_PRODUCT = YES;
			};
			name = Release;
		};
		EE513DC22106A0F800A26667 /* Debug */ = {
			isa = XCBuildConfiguration;
			buildSettings = {
				ASSETCATALOG_COMPILER_APPICON_NAME = AppIcon;
				CODE_SIGN_STYLE = Automatic;
				DEVELOPMENT_TEAM = 5D3PS62W64;
				INFOPLIST_FILE = RxLabPrj/Info.plist;
				LD_RUNPATH_SEARCH_PATHS = (
					"$(inherited)",
					"@executable_path/Frameworks",
				);
				PRODUCT_BUNDLE_IDENTIFIER = com.funaki.RxLabPrj;
				PRODUCT_NAME = "$(TARGET_NAME)";
				SWIFT_VERSION = 4.0;
				TARGETED_DEVICE_FAMILY = "1,2";
			};
			name = Debug;
		};
		EE513DC32106A0F800A26667 /* Release */ = {
			isa = XCBuildConfiguration;
			buildSettings = {
				ASSETCATALOG_COMPILER_APPICON_NAME = AppIcon;
				CODE_SIGN_STYLE = Automatic;
				DEVELOPMENT_TEAM = 5D3PS62W64;
				INFOPLIST_FILE = RxLabPrj/Info.plist;
				LD_RUNPATH_SEARCH_PATHS = (
					"$(inherited)",
					"@executable_path/Frameworks",
				);
				PRODUCT_BUNDLE_IDENTIFIER = com.funaki.RxLabPrj;
				PRODUCT_NAME = "$(TARGET_NAME)";
				SWIFT_VERSION = 4.0;
				TARGETED_DEVICE_FAMILY = "1,2";
			};
			name = Release;
		};
/* End XCBuildConfiguration section */

/* Begin XCConfigurationList section */
		EE513DA72106A0F700A26667 /* Build configuration list for PBXProject "RxLabPrj" */ = {
			isa = XCConfigurationList;
			buildConfigurations = (
				EE513DBF2106A0F800A26667 /* Debug */,
				EE513DC02106A0F800A26667 /* Release */,
			);
			defaultConfigurationIsVisible = 0;
			defaultConfigurationName = Release;
		};
		EE513DC12106A0F800A26667 /* Build configuration list for PBXNativeTarget "RxLabPrj" */ = {
			isa = XCConfigurationList;
			buildConfigurations = (
				EE513DC22106A0F800A26667 /* Debug */,
				EE513DC32106A0F800A26667 /* Release */,
			);
			defaultConfigurationIsVisible = 0;
			defaultConfigurationName = Release;
		};
/* End XCConfigurationList section */

/* Begin XCVersionGroup section */
		EE513DB62106A0F700A26667 /* RxLabPrj.xcdatamodeld */ = {
			isa = XCVersionGroup;
			children = (
				EE513DB72106A0F700A26667 /* RxLabPrj.xcdatamodel */,
			);
			currentVersion = EE513DB72106A0F700A26667 /* RxLabPrj.xcdatamodel */;
			path = RxLabPrj.xcdatamodeld;
			sourceTree = "<group>";
			versionGroupType = wrapper.xcdatamodel;
		};
/* End XCVersionGroup section */
	};
	rootObject = EE513DA42106A0F700A26667 /* Project object */;
}
